
Microsoft Visual Studio Solution File, Format Version 12.00
# Visual Studio Express 2013 for Windows Desktop
VisualStudioVersion = 12.0.21005.1
MinimumVisualStudioVersion = 10.0.40219.1
Project("{8BC9CEB8-8B4A-11D0-8D11-00A0C91BC942}") = "sqlite", "sqlite\sqlite.vcxproj", "{ED69C9EA-C51A-4262-A525-4FF95B838BA3}"
EndProject
Project("{8BC9CEB8-8B4A-11D0-8D11-00A0C91BC942}") = "tools", "tools\tools.vcxproj", "{F6B28BEA-8480-428F-AE98-5BC3C85CAF8C}"
EndProject
Project("{8BC9CEB8-8B4A-11D0-8D11-00A0C91BC942}") = "main", "main\main.vcxproj", "{6F006815-C6F9-48C4-AB62-BFB5683CA27C}"
	ProjectSection(ProjectDependencies) = postProject
		{3D415E6A-CE8F-4F36-8623-F90127286F5A} = {3D415E6A-CE8F-4F36-8623-F90127286F5A}
	EndProjectSection
EndProject
Project("{8BC9CEB8-8B4A-11D0-8D11-00A0C91BC942}") = "cpp_db", "cpp_db\cpp_db.vcxproj", "{5512C29A-99CF-4EB2-906D-04B52C831511}"
EndProject
Project("{8BC9CEB8-8B4A-11D0-8D11-00A0C91BC942}") = "test", "test\test.vcxproj", "{5F7C81F9-2421-401E-84B2-01BA4B9E31D2}"
EndProject
Project("{8BC9CEB8-8B4A-11D0-8D11-00A0C91BC942}") = "firebird", "firebird\firebird.vcxproj", "{42D716ED-4B66-4504-815E-BEAED23D34B2}"
EndProject
Project("{8BC9CEB8-8B4A-11D0-8D11-00A0C91BC942}") = "odbc", "odbc\odbc.vcxproj", "{3D415E6A-CE8F-4F36-8623-F90127286F5A}"
EndProject
Project("{8BC9CEB8-8B4A-11D0-8D11-00A0C91BC942}") = "unittests", "unittests\unittests.vcxproj", "{CE90B459-473F-4EC5-AE04-B156294ECC37}"
	ProjectSection(ProjectDependencies) = postProject
		{3D415E6A-CE8F-4F36-8623-F90127286F5A} = {3D415E6A-CE8F-4F36-8623-F90127286F5A}
		{5512C29A-99CF-4EB2-906D-04B52C831511} = {5512C29A-99CF-4EB2-906D-04B52C831511}
		{ED69C9EA-C51A-4262-A525-4FF95B838BA3} = {ED69C9EA-C51A-4262-A525-4FF95B838BA3}
		{42D716ED-4B66-4504-815E-BEAED23D34B2} = {42D716ED-4B66-4504-815E-BEAED23D34B2}
	EndProjectSection
EndProject
Project("{8BC9CEB8-8B4A-11D0-8D11-00A0C91BC942}") = "samples", "samples\samples.vcxproj", "{4D6B9624-75AF-44CB-8671-2D9A6D461DEA}"
	ProjectSection(ProjectDependencies) = postProject
		{F6B28BEA-8480-428F-AE98-5BC3C85CAF8C} = {F6B28BEA-8480-428F-AE98-5BC3C85CAF8C}
	EndProjectSection
EndProject
Global
	GlobalSection(SolutionConfigurationPlatforms) = preSolution
		Debug_CTP_Nov2013|Win32 = Debug_CTP_Nov2013|Win32
		Debug_CTP_Nov2013|x64 = Debug_CTP_Nov2013|x64
		Debug|Win32 = Debug|Win32
		Debug|x64 = Debug|x64
		Release_CTP_Nov2013|Win32 = Release_CTP_Nov2013|Win32
		Release_CTP_Nov2013|x64 = Release_CTP_Nov2013|x64
		Release|Win32 = Release|Win32
		Release|x64 = Release|x64
	EndGlobalSection
	GlobalSection(ProjectConfigurationPlatforms) = postSolution
		{ED69C9EA-C51A-4262-A525-4FF95B838BA3}.Debug_CTP_Nov2013|Win32.ActiveCfg = Debug_CTP_Nov2013|Win32
		{ED69C9EA-C51A-4262-A525-4FF95B838BA3}.Debug_CTP_Nov2013|Win32.Build.0 = Debug_CTP_Nov2013|Win32
		{ED69C9EA-C51A-4262-A525-4FF95B838BA3}.Debug_CTP_Nov2013|x64.ActiveCfg = Debug_CTP_Nov2013|x64
		{ED69C9EA-C51A-4262-A525-4FF95B838BA3}.Debug_CTP_Nov2013|x64.Build.0 = Debug_CTP_Nov2013|x64
		{ED69C9EA-C51A-4262-A525-4FF95B838BA3}.Debug|Win32.ActiveCfg = Debug|Win32
		{ED69C9EA-C51A-4262-A525-4FF95B838BA3}.Debug|Win32.Build.0 = Debug|Win32
		{ED69C9EA-C51A-4262-A525-4FF95B838BA3}.Debug|x64.ActiveCfg = Debug|x64
		{ED69C9EA-C51A-4262-A525-4FF95B838BA3}.Debug|x64.Build.0 = Debug|x64
		{ED69C9EA-C51A-4262-A525-4FF95B838BA3}.Release_CTP_Nov2013|Win32.ActiveCfg = Release_CTP_Nov2013|Win32
		{ED69C9EA-C51A-4262-A525-4FF95B838BA3}.Release_CTP_Nov2013|Win32.Build.0 = Release_CTP_Nov2013|Win32
		{ED69C9EA-C51A-4262-A525-4FF95B838BA3}.Release_CTP_Nov2013|x64.ActiveCfg = Release_CTP_Nov2013|x64
		{ED69C9EA-C51A-4262-A525-4FF95B838BA3}.Release_CTP_Nov2013|x64.Build.0 = Release_CTP_Nov2013|x64
		{ED69C9EA-C51A-4262-A525-4FF95B838BA3}.Release|Win32.ActiveCfg = Release|Win32
		{ED69C9EA-C51A-4262-A525-4FF95B838BA3}.Release|Win32.Build.0 = Release|Win32
		{ED69C9EA-C51A-4262-A525-4FF95B838BA3}.Release|x64.ActiveCfg = Release|x64
		{ED69C9EA-C51A-4262-A525-4FF95B838BA3}.Release|x64.Build.0 = Release|x64
		{F6B28BEA-8480-428F-AE98-5BC3C85CAF8C}.Debug_CTP_Nov2013|Win32.ActiveCfg = Debug_CTP_Nov2013|Win32
		{F6B28BEA-8480-428F-AE98-5BC3C85CAF8C}.Debug_CTP_Nov2013|Win32.Build.0 = Debug_CTP_Nov2013|Win32
		{F6B28BEA-8480-428F-AE98-5BC3C85CAF8C}.Debug_CTP_Nov2013|x64.ActiveCfg = Debug_CTP_Nov2013|x64
		{F6B28BEA-8480-428F-AE98-5BC3C85CAF8C}.Debug_CTP_Nov2013|x64.Build.0 = Debug_CTP_Nov2013|x64
		{F6B28BEA-8480-428F-AE98-5BC3C85CAF8C}.Debug|Win32.ActiveCfg = Debug|Win32
		{F6B28BEA-8480-428F-AE98-5BC3C85CAF8C}.Debug|Win32.Build.0 = Debug|Win32
		{F6B28BEA-8480-428F-AE98-5BC3C85CAF8C}.Debug|x64.ActiveCfg = Debug|x64
		{F6B28BEA-8480-428F-AE98-5BC3C85CAF8C}.Debug|x64.Build.0 = Debug|x64
		{F6B28BEA-8480-428F-AE98-5BC3C85CAF8C}.Release_CTP_Nov2013|Win32.ActiveCfg = Release_CTP_Nov2013|Win32
		{F6B28BEA-8480-428F-AE98-5BC3C85CAF8C}.Release_CTP_Nov2013|Win32.Build.0 = Release_CTP_Nov2013|Win32
		{F6B28BEA-8480-428F-AE98-5BC3C85CAF8C}.Release_CTP_Nov2013|x64.ActiveCfg = Release_CTP_Nov2013|x64
		{F6B28BEA-8480-428F-AE98-5BC3C85CAF8C}.Release_CTP_Nov2013|x64.Build.0 = Release_CTP_Nov2013|x64
		{F6B28BEA-8480-428F-AE98-5BC3C85CAF8C}.Release|Win32.ActiveCfg = Release|Win32
		{F6B28BEA-8480-428F-AE98-5BC3C85CAF8C}.Release|Win32.Build.0 = Release|Win32
		{F6B28BEA-8480-428F-AE98-5BC3C85CAF8C}.Release|x64.ActiveCfg = Release|x64
		{F6B28BEA-8480-428F-AE98-5BC3C85CAF8C}.Release|x64.Build.0 = Release|x64
		{6F006815-C6F9-48C4-AB62-BFB5683CA27C}.Debug_CTP_Nov2013|Win32.ActiveCfg = Debug_CTP_Nov2013|Win32
		{6F006815-C6F9-48C4-AB62-BFB5683CA27C}.Debug_CTP_Nov2013|Win32.Build.0 = Debug_CTP_Nov2013|Win32
		{6F006815-C6F9-48C4-AB62-BFB5683CA27C}.Debug_CTP_Nov2013|x64.ActiveCfg = Debug_CTP_Nov2013|x64
		{6F006815-C6F9-48C4-AB62-BFB5683CA27C}.Debug_CTP_Nov2013|x64.Build.0 = Debug_CTP_Nov2013|x64
		{6F006815-C6F9-48C4-AB62-BFB5683CA27C}.Debug|Win32.ActiveCfg = Debug|Win32
		{6F006815-C6F9-48C4-AB62-BFB5683CA27C}.Debug|Win32.Build.0 = Debug|Win32
		{6F006815-C6F9-48C4-AB62-BFB5683CA27C}.Debug|x64.ActiveCfg = Debug|x64
		{6F006815-C6F9-48C4-AB62-BFB5683CA27C}.Debug|x64.Build.0 = Debug|x64
		{6F006815-C6F9-48C4-AB62-BFB5683CA27C}.Release_CTP_Nov2013|Win32.ActiveCfg = Release_CTP_Nov2013|Win32
		{6F006815-C6F9-48C4-AB62-BFB5683CA27C}.Release_CTP_Nov2013|Win32.Build.0 = Release_CTP_Nov2013|Win32
		{6F006815-C6F9-48C4-AB62-BFB5683CA27C}.Release_CTP_Nov2013|x64.ActiveCfg = Release_CTP_Nov2013|x64
		{6F006815-C6F9-48C4-AB62-BFB5683CA27C}.Release_CTP_Nov2013|x64.Build.0 = Release_CTP_Nov2013|x64
		{6F006815-C6F9-48C4-AB62-BFB5683CA27C}.Release|Win32.ActiveCfg = Release|Win32
		{6F006815-C6F9-48C4-AB62-BFB5683CA27C}.Release|Win32.Build.0 = Release|Win32
		{6F006815-C6F9-48C4-AB62-BFB5683CA27C}.Release|x64.ActiveCfg = Release|x64
		{6F006815-C6F9-48C4-AB62-BFB5683CA27C}.Release|x64.Build.0 = Release|x64
		{5512C29A-99CF-4EB2-906D-04B52C831511}.Debug_CTP_Nov2013|Win32.ActiveCfg = Debug_CTP_Nov2013|Win32
		{5512C29A-99CF-4EB2-906D-04B52C831511}.Debug_CTP_Nov2013|Win32.Build.0 = Debug_CTP_Nov2013|Win32
		{5512C29A-99CF-4EB2-906D-04B52C831511}.Debug_CTP_Nov2013|x64.ActiveCfg = Debug_CTP_Nov2013|x64
		{5512C29A-99CF-4EB2-906D-04B52C831511}.Debug_CTP_Nov2013|x64.Build.0 = Debug_CTP_Nov2013|x64
		{5512C29A-99CF-4EB2-906D-04B52C831511}.Debug|Win32.ActiveCfg = Debug|Win32
		{5512C29A-99CF-4EB2-906D-04B52C831511}.Debug|Win32.Build.0 = Debug|Win32
		{5512C29A-99CF-4EB2-906D-04B52C831511}.Debug|x64.ActiveCfg = Debug|x64
		{5512C29A-99CF-4EB2-906D-04B52C831511}.Debug|x64.Build.0 = Debug|x64
		{5512C29A-99CF-4EB2-906D-04B52C831511}.Release_CTP_Nov2013|Win32.ActiveCfg = Release_CTP_Nov2013|Win32
		{5512C29A-99CF-4EB2-906D-04B52C831511}.Release_CTP_Nov2013|Win32.Build.0 = Release_CTP_Nov2013|Win32
		{5512C29A-99CF-4EB2-906D-04B52C831511}.Release_CTP_Nov2013|x64.ActiveCfg = Release_CTP_Nov2013|x64
		{5512C29A-99CF-4EB2-906D-04B52C831511}.Release_CTP_Nov2013|x64.Build.0 = Release_CTP_Nov2013|x64
		{5512C29A-99CF-4EB2-906D-04B52C831511}.Release|Win32.ActiveCfg = Release|Win32
		{5512C29A-99CF-4EB2-906D-04B52C831511}.Release|Win32.Build.0 = Release|Win32
		{5512C29A-99CF-4EB2-906D-04B52C831511}.Release|x64.ActiveCfg = Release|x64
		{5512C29A-99CF-4EB2-906D-04B52C831511}.Release|x64.Build.0 = Release|x64
		{5F7C81F9-2421-401E-84B2-01BA4B9E31D2}.Debug_CTP_Nov2013|Win32.ActiveCfg = Debug_CTP_Nov2013|Win32
		{5F7C81F9-2421-401E-84B2-01BA4B9E31D2}.Debug_CTP_Nov2013|Win32.Build.0 = Debug_CTP_Nov2013|Win32
		{5F7C81F9-2421-401E-84B2-01BA4B9E31D2}.Debug_CTP_Nov2013|x64.ActiveCfg = Debug_CTP_Nov2013|x64
		{5F7C81F9-2421-401E-84B2-01BA4B9E31D2}.Debug_CTP_Nov2013|x64.Build.0 = Debug_CTP_Nov2013|x64
		{5F7C81F9-2421-401E-84B2-01BA4B9E31D2}.Debug|Win32.ActiveCfg = Debug|Win32
		{5F7C81F9-2421-401E-84B2-01BA4B9E31D2}.Debug|Win32.Build.0 = Debug|Win32
		{5F7C81F9-2421-401E-84B2-01BA4B9E31D2}.Debug|x64.ActiveCfg = Debug|x64
		{5F7C81F9-2421-401E-84B2-01BA4B9E31D2}.Debug|x64.Build.0 = Debug|x64
		{5F7C81F9-2421-401E-84B2-01BA4B9E31D2}.Release_CTP_Nov2013|Win32.ActiveCfg = Release_CTP_Nov2013|Win32
		{5F7C81F9-2421-401E-84B2-01BA4B9E31D2}.Release_CTP_Nov2013|Win32.Build.0 = Release_CTP_Nov2013|Win32
		{5F7C81F9-2421-401E-84B2-01BA4B9E31D2}.Release_CTP_Nov2013|x64.ActiveCfg = Release_CTP_Nov2013|x64
		{5F7C81F9-2421-401E-84B2-01BA4B9E31D2}.Release_CTP_Nov2013|x64.Build.0 = Release_CTP_Nov2013|x64
		{5F7C81F9-2421-401E-84B2-01BA4B9E31D2}.Release|Win32.ActiveCfg = Release|Win32
		{5F7C81F9-2421-401E-84B2-01BA4B9E31D2}.Release|Win32.Build.0 = Release|Win32
		{5F7C81F9-2421-401E-84B2-01BA4B9E31D2}.Release|x64.ActiveCfg = Release|x64
		{5F7C81F9-2421-401E-84B2-01BA4B9E31D2}.Release|x64.Build.0 = Release|x64
		{42D716ED-4B66-4504-815E-BEAED23D34B2}.Debug_CTP_Nov2013|Win32.ActiveCfg = Debug_CTP_Nov2013|Win32
		{42D716ED-4B66-4504-815E-BEAED23D34B2}.Debug_CTP_Nov2013|Win32.Build.0 = Debug_CTP_Nov2013|Win32
		{42D716ED-4B66-4504-815E-BEAED23D34B2}.Debug_CTP_Nov2013|x64.ActiveCfg = Debug_CTP_Nov2013|x64
		{42D716ED-4B66-4504-815E-BEAED23D34B2}.Debug_CTP_Nov2013|x64.Build.0 = Debug_CTP_Nov2013|x64
		{42D716ED-4B66-4504-815E-BEAED23D34B2}.Debug|Win32.ActiveCfg = Debug|Win32
		{42D716ED-4B66-4504-815E-BEAED23D34B2}.Debug|Win32.Build.0 = Debug|Win32
		{42D716ED-4B66-4504-815E-BEAED23D34B2}.Debug|x64.ActiveCfg = Debug|x64
		{42D716ED-4B66-4504-815E-BEAED23D34B2}.Debug|x64.Build.0 = Debug|x64
		{42D716ED-4B66-4504-815E-BEAED23D34B2}.Release_CTP_Nov2013|Win32.ActiveCfg = Release_CTP_Nov2013|Win32
		{42D716ED-4B66-4504-815E-BEAED23D34B2}.Release_CTP_Nov2013|Win32.Build.0 = Release_CTP_Nov2013|Win32
		{42D716ED-4B66-4504-815E-BEAED23D34B2}.Release_CTP_Nov2013|x64.ActiveCfg = Release_CTP_Nov2013|x64
		{42D716ED-4B66-4504-815E-BEAED23D34B2}.Release_CTP_Nov2013|x64.Build.0 = Release_CTP_Nov2013|x64
		{42D716ED-4B66-4504-815E-BEAED23D34B2}.Release|Win32.ActiveCfg = Release|Win32
		{42D716ED-4B66-4504-815E-BEAED23D34B2}.Release|Win32.Build.0 = Release|Win32
		{42D716ED-4B66-4504-815E-BEAED23D34B2}.Release|x64.ActiveCfg = Release|x64
		{42D716ED-4B66-4504-815E-BEAED23D34B2}.Release|x64.Build.0 = Release|x64
		{3D415E6A-CE8F-4F36-8623-F90127286F5A}.Debug_CTP_Nov2013|Win32.ActiveCfg = Debug_CTP_Nov2013|Win32
		{3D415E6A-CE8F-4F36-8623-F90127286F5A}.Debug_CTP_Nov2013|Win32.Build.0 = Debug_CTP_Nov2013|Win32
		{3D415E6A-CE8F-4F36-8623-F90127286F5A}.Debug_CTP_Nov2013|x64.ActiveCfg = Debug_CTP_Nov2013|x64
		{3D415E6A-CE8F-4F36-8623-F90127286F5A}.Debug_CTP_Nov2013|x64.Build.0 = Debug_CTP_Nov2013|x64
		{3D415E6A-CE8F-4F36-8623-F90127286F5A}.Debug|Win32.ActiveCfg = Debug|Win32
		{3D415E6A-CE8F-4F36-8623-F90127286F5A}.Debug|Win32.Build.0 = Debug|Win32
		{3D415E6A-CE8F-4F36-8623-F90127286F5A}.Debug|x64.ActiveCfg = Debug|x64
		{3D415E6A-CE8F-4F36-8623-F90127286F5A}.Debug|x64.Build.0 = Debug|x64
		{3D415E6A-CE8F-4F36-8623-F90127286F5A}.Release_CTP_Nov2013|Win32.ActiveCfg = Release_CTP_Nov2013|Win32
		{3D415E6A-CE8F-4F36-8623-F90127286F5A}.Release_CTP_Nov2013|Win32.Build.0 = Release_CTP_Nov2013|Win32
		{3D415E6A-CE8F-4F36-8623-F90127286F5A}.Release_CTP_Nov2013|x64.ActiveCfg = Release_CTP_Nov2013|x64
		{3D415E6A-CE8F-4F36-8623-F90127286F5A}.Release_CTP_Nov2013|x64.Build.0 = Release_CTP_Nov2013|x64
		{3D415E6A-CE8F-4F36-8623-F90127286F5A}.Release|Win32.ActiveCfg = Release|Win32
		{3D415E6A-CE8F-4F36-8623-F90127286F5A}.Release|Win32.Build.0 = Release|Win32
		{3D415E6A-CE8F-4F36-8623-F90127286F5A}.Release|x64.ActiveCfg = Release|x64
		{3D415E6A-CE8F-4F36-8623-F90127286F5A}.Release|x64.Build.0 = Release|x64
		{CE90B459-473F-4EC5-AE04-B156294ECC37}.Debug_CTP_Nov2013|Win32.ActiveCfg = Debug_CTP_Nov2013|Win32
		{CE90B459-473F-4EC5-AE04-B156294ECC37}.Debug_CTP_Nov2013|Win32.Build.0 = Debug_CTP_Nov2013|Win32
		{CE90B459-473F-4EC5-AE04-B156294ECC37}.Debug_CTP_Nov2013|x64.ActiveCfg = Debug_CTP_Nov2013|x64
		{CE90B459-473F-4EC5-AE04-B156294ECC37}.Debug_CTP_Nov2013|x64.Build.0 = Debug_CTP_Nov2013|x64
		{CE90B459-473F-4EC5-AE04-B156294ECC37}.Debug|Win32.ActiveCfg = Debug|Win32
		{CE90B459-473F-4EC5-AE04-B156294ECC37}.Debug|Win32.Build.0 = Debug|Win32
		{CE90B459-473F-4EC5-AE04-B156294ECC37}.Debug|x64.ActiveCfg = Debug|x64
		{CE90B459-473F-4EC5-AE04-B156294ECC37}.Debug|x64.Build.0 = Debug|x64
		{CE90B459-473F-4EC5-AE04-B156294ECC37}.Release_CTP_Nov2013|Win32.ActiveCfg = Release_CTP_Nov2013|Win32
		{CE90B459-473F-4EC5-AE04-B156294ECC37}.Release_CTP_Nov2013|Win32.Build.0 = Release_CTP_Nov2013|Win32
		{CE90B459-473F-4EC5-AE04-B156294ECC37}.Release_CTP_Nov2013|x64.ActiveCfg = Release_CTP_Nov2013|x64
		{CE90B459-473F-4EC5-AE04-B156294ECC37}.Release_CTP_Nov2013|x64.Build.0 = Release_CTP_Nov2013|x64
		{CE90B459-473F-4EC5-AE04-B156294ECC37}.Release|Win32.ActiveCfg = Release|Win32
		{CE90B459-473F-4EC5-AE04-B156294ECC37}.Release|Win32.Build.0 = Release|Win32
		{CE90B459-473F-4EC5-AE04-B156294ECC37}.Release|x64.ActiveCfg = Release|x64
		{CE90B459-473F-4EC5-AE04-B156294ECC37}.Release|x64.Build.0 = Release|x64
		{4D6B9624-75AF-44CB-8671-2D9A6D461DEA}.Debug_CTP_Nov2013|Win32.ActiveCfg = Debug_CTP_Nov2013|Win32
		{4D6B9624-75AF-44CB-8671-2D9A6D461DEA}.Debug_CTP_Nov2013|Win32.Build.0 = Debug_CTP_Nov2013|Win32
		{4D6B9624-75AF-44CB-8671-2D9A6D461DEA}.Debug_CTP_Nov2013|x64.ActiveCfg = Debug_CTP_Nov2013|x64
		{4D6B9624-75AF-44CB-8671-2D9A6D461DEA}.Debug_CTP_Nov2013|x64.Build.0 = Debug_CTP_Nov2013|x64
		{4D6B9624-75AF-44CB-8671-2D9A6D461DEA}.Debug|Win32.ActiveCfg = Debug|Win32
		{4D6B9624-75AF-44CB-8671-2D9A6D461DEA}.Debug|Win32.Build.0 = Debug|Win32
		{4D6B9624-75AF-44CB-8671-2D9A6D461DEA}.Debug|x64.ActiveCfg = Debug|x64
		{4D6B9624-75AF-44CB-8671-2D9A6D461DEA}.Debug|x64.Build.0 = Debug|x64
		{4D6B9624-75AF-44CB-8671-2D9A6D461DEA}.Release_CTP_Nov2013|Win32.ActiveCfg = Release_CTP_Nov2013|Win32
		{4D6B9624-75AF-44CB-8671-2D9A6D461DEA}.Release_CTP_Nov2013|Win32.Build.0 = Release_CTP_Nov2013|Win32
		{4D6B9624-75AF-44CB-8671-2D9A6D461DEA}.Release_CTP_Nov2013|x64.ActiveCfg = Release_CTP_Nov2013|x64
		{4D6B9624-75AF-44CB-8671-2D9A6D461DEA}.Release_CTP_Nov2013|x64.Build.0 = Release_CTP_Nov2013|x64
		{4D6B9624-75AF-44CB-8671-2D9A6D461DEA}.Release|Win32.ActiveCfg = Release|Win32
		{4D6B9624-75AF-44CB-8671-2D9A6D461DEA}.Release|Win32.Build.0 = Release|Win32
		{4D6B9624-75AF-44CB-8671-2D9A6D461DEA}.Release|x64.ActiveCfg = Release|x64
		{4D6B9624-75AF-44CB-8671-2D9A6D461DEA}.Release|x64.Build.0 = Release|x64
	EndGlobalSection
	GlobalSection(SolutionProperties) = preSolution
		HideSolutionNode = FALSE
	EndGlobalSection
EndGlobal
